
Microsoft Visual Studio Solution File, Format Version 12.00
# Visual Studio Version 17
VisualStudioVersion = 17.8.34309.116
MinimumVisualStudioVersion = 10.0.40219.1
Project("{9A19103F-16F7-4668-BE54-9A1E7A4F7556}") = "CallForPapers.Domain", "CallForPapers.Domain\CallForPapers.Domain.csproj", "{14787190-E561-4592-BF38-A0F32F03F1A1}"
EndProject
Project("{FAE04EC0-301F-11D3-BF4B-00C04F79EFBC}") = "CallForPapers.ApplicationLayer", "CallForPapers.ApplicationLayer\CallForPapers.ApplicationLayer.csproj", "{911E6AF6-3A20-457B-94D5-6E288B0142AF}"
EndProject
Project("{FAE04EC0-301F-11D3-BF4B-00C04F79EFBC}") = "CallForPapers.Infrastructure", "CallForPapers.Infrastructure\CallForPapers.Infrastructure.csproj", "{81F51094-56E1-4EFD-BE59-BEA21EEEBF63}"
EndProject
Global
	GlobalSection(SolutionConfigurationPlatforms) = preSolution
		Debug|Any CPU = Debug|Any CPU
		Release|Any CPU = Release|Any CPU
	EndGlobalSection
	GlobalSection(ProjectConfigurationPlatforms) = postSolution
		{14787190-E561-4592-BF38-A0F32F03F1A1}.Debug|Any CPU.ActiveCfg = Debug|Any CPU
		{14787190-E561-4592-BF38-A0F32F03F1A1}.Debug|Any CPU.Build.0 = Debug|Any CPU
		{14787190-E561-4592-BF38-A0F32F03F1A1}.Release|Any CPU.ActiveCfg = Release|Any CPU
		{14787190-E561-4592-BF38-A0F32F03F1A1}.Release|Any CPU.Build.0 = Release|Any CPU
		{911E6AF6-3A20-457B-94D5-6E288B0142AF}.Debug|Any CPU.ActiveCfg = Debug|Any CPU
		{911E6AF6-3A20-457B-94D5-6E288B0142AF}.Debug|Any CPU.Build.0 = Debug|Any CPU
		{911E6AF6-3A20-457B-94D5-6E288B0142AF}.Release|Any CPU.ActiveCfg = Release|Any CPU
		{911E6AF6-3A20-457B-94D5-6E288B0142AF}.Release|Any CPU.Build.0 = Release|Any CPU
		{81F51094-56E1-4EFD-BE59-BEA21EEEBF63}.Debug|Any CPU.ActiveCfg = Debug|Any CPU
		{81F51094-56E1-4EFD-BE59-BEA21EEEBF63}.Debug|Any CPU.Build.0 = Debug|Any CPU
		{81F51094-56E1-4EFD-BE59-BEA21EEEBF63}.Release|Any CPU.ActiveCfg = Release|Any CPU
		{81F51094-56E1-4EFD-BE59-BEA21EEEBF63}.Release|Any CPU.Build.0 = Release|Any CPU
	EndGlobalSection
	GlobalSection(SolutionProperties) = preSolution
		HideSolutionNode = FALSE
	EndGlobalSection
	GlobalSection(ExtensibilityGlobals) = postSolution
		SolutionGuid = {BDC78714-7DB2-49E0-863D-D07603192B7C}
	EndGlobalSection
EndGlobal
